dependencies:
  espressif/led_strip:
    component_hash: 223998f10cae6d81f2ad2dd3c1103c2221be298c708e37917482b0153f3ec64e
    dependencies:
    - name: idf
      require: private
      version: '>=5.0'
    source:
      registry_url: https://components.espressif.com/
      type: service
    version: 3.0.1~1
  espressif/mosquitto:
    component_hash: 1f2cb64faeba936e7a00ca69a8df4264f235081fd6666ffaa68b4d2ec55bfe81
    dependencies:
    - name: espressif/sock_utils
      registry_url: https://components.espressif.com
      require: private
      version: ^0.2
    - name: idf
      require: private
      version: '>=5.1'
    source:
      registry_url: https://components.espressif.com/
      type: service
    version: 2.0.20~4
  espressif/sock_utils:
    component_hash: b2e5cafc60dfefd05720ababb9fca0dfe2830fb9d71f97e5336de36a84c591c9
    dependencies:
    - name: idf
      require: private
      version: '>=5.0'
    source:
      registry_url: https://components.espressif.com
      type: service
    version: 0.2.2
  idf:
    source:
      type: idf
    version: 5.5.1
  lvgl/lvgl:
    component_hash: b702d642e03e95928046d5c6726558e6444e112420c77efa5fdb6650b0a13c5d
    dependencies: []
    source:
      registry_url: https://components.espressif.com/
      type: service
    version: 9.3.0
direct_dependencies:
- espressif/led_strip
- espressif/mosquitto
- idf
- lvgl/lvgl
manifest_hash: dee5872147ce02772b96afc79d7887eb7459416d10f0e54076a51e5beedd3659
target: esp32s3
version: 2.0.0
