dependencies:
  espressif/esp_lvgl_port:
    component_hash: bfb2778c063b05a6c47c1a8de6d166ee4d911bc86fe0b3ff9e6bab06d2812033
    dependencies:
    - name: idf
      require: private
      version: '>=5.1'
    - name: lvgl/lvgl
      registry_url: https://components.espressif.com
      require: public
      version: '>=8,<10'
    source:
      registry_url: https://components.espressif.com/
      type: service
    version: 2.6.2
  espressif/led_strip:
    component_hash: 223998f10cae6d81f2ad2dd3c1103c2221be298c708e37917482b0153f3ec64e
    dependencies:
    - name: idf
      require: private
      version: '>=5.0'
    source:
      registry_url: https://components.espressif.com/
      type: service
    version: 3.0.1~1
  espressif/mosquitto:
    component_hash: 1f2cb64faeba936e7a00ca69a8df4264f235081fd6666ffaa68b4d2ec55bfe81
    dependencies:
    - name: espressif/sock_utils
      registry_url: https://components.espressif.com
      require: private
      version: ^0.2
    - name: idf
      require: private
      version: '>=5.1'
    source:
      registry_url: https://components.espressif.com/
      type: service
    version: 2.0.20~4
  espressif/sock_utils:
    component_hash: b2e5cafc60dfefd05720ababb9fca0dfe2830fb9d71f97e5336de36a84c591c9
    dependencies:
    - name: idf
      require: private
      version: '>=5.0'
    source:
      registry_url: https://components.espressif.com
      type: service
    version: 0.2.2
  idf:
    source:
      type: idf
    version: 5.5.1
  lvgl/lvgl:
    component_hash: 17e68bfd21f0edf4c3ee838e2273da840bf3930e5dbc3bfa6c1190c3aed41f9f
    dependencies: []
    source:
      registry_url: https://components.espressif.com/
      type: service
    version: 9.4.0
direct_dependencies:
- espressif/esp_lvgl_port
- espressif/led_strip
- espressif/mosquitto
- idf
- lvgl/lvgl
manifest_hash: 2c502df1fffdd89ec49104ee658223506e46ddeb6568fd863a2c07a91b744cff
target: esp32s3
version: 2.0.0
